{
  "name": "zen-observable",
  "version": "0.5.1",
  "lockfileVersion": 1,
  "dependencies": {
    "es-observable-tests": {
      "version": "0.3.0",
      "resolved": "https://registry.npmjs.org/es-observable-tests/-/es-observable-tests-0.3.0.tgz",
      "integrity": "sha1-NJKFB2dlQFyJTjZ/CX/BiVrq2yA=",
      "dev": true
    },
    "moon-unit": {
      "version": "https://registry.npmjs.org/moon-unit/-/moon-unit-0.2.1.tgz",
      "integrity": "sha1-z6ivM+/mwzuIyRDooOfeoPtczw4=",
      "dev": true
    },
    "v8-promise": {
      "version": "https://registry.npmjs.org/v8-promise/-/v8-promise-1.0.5.tgz",
      "integrity": "sha1-H1rGZiqJaRTkYQYQO9wApHblRMY=",
      "dev": true
    }
  }
}
