{
  "name": "zen-observable",
  "version": "0.7.0",
  "lockfileVersion": 1,
  "requires": true,
  "dependencies": {
    "esdown": {
      "version": "1.2.8",
      "resolved": "https://registry.npmjs.org/esdown/-/esdown-1.2.8.tgz",
      "integrity": "sha512-yfSfc54x9atKnhUNA8yI9rGLsPRMYz41ZErlIzARLjFfC7Gd8s6//jf4G5P5TQS/MlUFCepHznP6a1U3jOC61g==",
      "dev": true
    },
    "moon-unit": {
      "version": "0.2.2",
      "resolved": "https://registry.npmjs.org/moon-unit/-/moon-unit-0.2.2.tgz",
      "integrity": "sha512-MJMMeBg1u5Colum/DhhKZtw6SUQet2hg298xrm+5+ScQH+t6YNSMMcD4sQ2mA8/7hKXK7pv0p4dEgPyVB5U7UQ==",
      "dev": true
    }
  }
}
